
Microsoft Visual Studio Solution File, Format Version 12.00
# Visual Studio 2013
VisualStudioVersion = 12.0.31101.0
MinimumVisualStudioVersion = 10.0.40219.1
Project("{2150E333-8FDC-42A3-9474-1A3956D46DE8}") = ".nuget", ".nuget", "{7F43EBFA-69BC-4DB3-966B-AE9D0101A438}"
	ProjectSection(SolutionItems) = preProject
		.nuget\NuGet.Config = .nuget\NuGet.Config
		.nuget\NuGet.exe = .nuget\NuGet.exe
		.nuget\NuGet.targets = .nuget\NuGet.targets
	EndProjectSection
EndProject
Project("{FAE04EC0-301F-11D3-BF4B-00C04F79EFBC}") = "DotSpatial.Controls", "DotSpatial.Controls\DotSpatial.Controls.csproj", "{01A845C6-D391-4258-81B0-C6ABF23D3364}"
EndProject
Project("{FAE04EC0-301F-11D3-BF4B-00C04F79EFBC}") = "DotSpatial.Controls.Tests", "DotSpatial.Controls.Tests\DotSpatial.Controls.Tests.csproj", "{027B40CF-E09F-4A7B-909D-523D6BEB03F6}"
EndProject
Project("{FAE04EC0-301F-11D3-BF4B-00C04F79EFBC}") = "DotSpatial.Compatibility", "DotSpatial.Compatibility\DotSpatial.Compatibility.csproj", "{56E70075-71E0-4FDA-BCA6-CF7581112354}"
EndProject
Project("{FAE04EC0-301F-11D3-BF4B-00C04F79EFBC}") = "DotSpatial.Tests.Common", "DotSpatial.Tests.Common\DotSpatial.Tests.Common.csproj", "{95114A54-769F-4A90-A346-C2CF85523AAD}"
EndProject
Project("{FAE04EC0-301F-11D3-BF4B-00C04F79EFBC}") = "DotSpatial.Analysis", "DotSpatial.Analysis\DotSpatial.Analysis.csproj", "{F124E7C5-33CC-4B17-8C45-01E7D2E47DAB}"
EndProject
Project("{FAE04EC0-301F-11D3-BF4B-00C04F79EFBC}") = "Tristan", "..\..\Tristan\Tristan\Tristan\Tristan.csproj", "{9E73D87B-80AE-4960-B622-AF72ACF459B3}"
EndProject
Project("{FAE04EC0-301F-11D3-BF4B-00C04F79EFBC}") = "TristanLibrary", "..\..\Tristan\Tristan\TristanLibrary\TristanLibrary.csproj", "{52D973ED-DF2E-4775-9529-FADCE4F4E043}"
EndProject
Project("{FAE04EC0-301F-11D3-BF4B-00C04F79EFBC}") = "TristanLibraryTest", "..\..\Tristan\Tristan\TristanLibraryTest\TristanLibraryTest.csproj", "{8240BC45-FA33-4F72-B1FE-FDC7F1AF7AD1}"
EndProject
Global
	GlobalSection(SolutionConfigurationPlatforms) = preSolution
		Debug|Any CPU = Debug|Any CPU
		Debug|x86 = Debug|x86
		Release|Any CPU = Release|Any CPU
		Release|x86 = Release|x86
	EndGlobalSection
	GlobalSection(ProjectConfigurationPlatforms) = postSolution
		{01A845C6-D391-4258-81B0-C6ABF23D3364}.Debug|Any CPU.ActiveCfg = Debug|Any CPU
		{01A845C6-D391-4258-81B0-C6ABF23D3364}.Debug|Any CPU.Build.0 = Debug|Any CPU
		{01A845C6-D391-4258-81B0-C6ABF23D3364}.Debug|x86.ActiveCfg = Debug|Any CPU
		{01A845C6-D391-4258-81B0-C6ABF23D3364}.Release|Any CPU.ActiveCfg = Release|Any CPU
		{01A845C6-D391-4258-81B0-C6ABF23D3364}.Release|Any CPU.Build.0 = Release|Any CPU
		{01A845C6-D391-4258-81B0-C6ABF23D3364}.Release|x86.ActiveCfg = Release|Any CPU
		{027B40CF-E09F-4A7B-909D-523D6BEB03F6}.Debug|Any CPU.ActiveCfg = Debug|Any CPU
		{027B40CF-E09F-4A7B-909D-523D6BEB03F6}.Debug|Any CPU.Build.0 = Debug|Any CPU
		{027B40CF-E09F-4A7B-909D-523D6BEB03F6}.Debug|x86.ActiveCfg = Debug|x86
		{027B40CF-E09F-4A7B-909D-523D6BEB03F6}.Debug|x86.Build.0 = Debug|x86
		{027B40CF-E09F-4A7B-909D-523D6BEB03F6}.Release|Any CPU.ActiveCfg = Release|Any CPU
		{027B40CF-E09F-4A7B-909D-523D6BEB03F6}.Release|Any CPU.Build.0 = Release|Any CPU
		{027B40CF-E09F-4A7B-909D-523D6BEB03F6}.Release|x86.ActiveCfg = Release|x86
		{027B40CF-E09F-4A7B-909D-523D6BEB03F6}.Release|x86.Build.0 = Release|x86
		{56E70075-71E0-4FDA-BCA6-CF7581112354}.Debug|Any CPU.ActiveCfg = Debug|Any CPU
		{56E70075-71E0-4FDA-BCA6-CF7581112354}.Debug|Any CPU.Build.0 = Debug|Any CPU
		{56E70075-71E0-4FDA-BCA6-CF7581112354}.Debug|x86.ActiveCfg = Debug|Any CPU
		{56E70075-71E0-4FDA-BCA6-CF7581112354}.Release|Any CPU.ActiveCfg = Release|Any CPU
		{56E70075-71E0-4FDA-BCA6-CF7581112354}.Release|Any CPU.Build.0 = Release|Any CPU
		{56E70075-71E0-4FDA-BCA6-CF7581112354}.Release|x86.ActiveCfg = Release|Any CPU
		{95114A54-769F-4A90-A346-C2CF85523AAD}.Debug|Any CPU.ActiveCfg = Debug|Any CPU
		{95114A54-769F-4A90-A346-C2CF85523AAD}.Debug|Any CPU.Build.0 = Debug|Any CPU
		{95114A54-769F-4A90-A346-C2CF85523AAD}.Debug|x86.ActiveCfg = Debug|Any CPU
		{95114A54-769F-4A90-A346-C2CF85523AAD}.Release|Any CPU.ActiveCfg = Release|Any CPU
		{95114A54-769F-4A90-A346-C2CF85523AAD}.Release|Any CPU.Build.0 = Release|Any CPU
		{95114A54-769F-4A90-A346-C2CF85523AAD}.Release|x86.ActiveCfg = Release|Any CPU
		{F124E7C5-33CC-4B17-8C45-01E7D2E47DAB}.Debug|Any CPU.ActiveCfg = Debug|Any CPU
		{F124E7C5-33CC-4B17-8C45-01E7D2E47DAB}.Debug|Any CPU.Build.0 = Debug|Any CPU
		{F124E7C5-33CC-4B17-8C45-01E7D2E47DAB}.Debug|x86.ActiveCfg = Debug|Any CPU
		{F124E7C5-33CC-4B17-8C45-01E7D2E47DAB}.Release|Any CPU.ActiveCfg = Release|Any CPU
		{F124E7C5-33CC-4B17-8C45-01E7D2E47DAB}.Release|Any CPU.Build.0 = Release|Any CPU
		{F124E7C5-33CC-4B17-8C45-01E7D2E47DAB}.Release|x86.ActiveCfg = Release|Any CPU
		{9E73D87B-80AE-4960-B622-AF72ACF459B3}.Debug|Any CPU.ActiveCfg = Debug|Any CPU
		{9E73D87B-80AE-4960-B622-AF72ACF459B3}.Debug|Any CPU.Build.0 = Debug|Any CPU
		{9E73D87B-80AE-4960-B622-AF72ACF459B3}.Debug|x86.ActiveCfg = Debug|Any CPU
		{9E73D87B-80AE-4960-B622-AF72ACF459B3}.Release|Any CPU.ActiveCfg = Release|Any CPU
		{9E73D87B-80AE-4960-B622-AF72ACF459B3}.Release|Any CPU.Build.0 = Release|Any CPU
		{9E73D87B-80AE-4960-B622-AF72ACF459B3}.Release|x86.ActiveCfg = Release|Any CPU
		{52D973ED-DF2E-4775-9529-FADCE4F4E043}.Debug|Any CPU.ActiveCfg = Debug|Any CPU
		{52D973ED-DF2E-4775-9529-FADCE4F4E043}.Debug|Any CPU.Build.0 = Debug|Any CPU
		{52D973ED-DF2E-4775-9529-FADCE4F4E043}.Debug|x86.ActiveCfg = Debug|Any CPU
		{52D973ED-DF2E-4775-9529-FADCE4F4E043}.Release|Any CPU.ActiveCfg = Release|Any CPU
		{52D973ED-DF2E-4775-9529-FADCE4F4E043}.Release|Any CPU.Build.0 = Release|Any CPU
		{52D973ED-DF2E-4775-9529-FADCE4F4E043}.Release|x86.ActiveCfg = Release|Any CPU
		{8240BC45-FA33-4F72-B1FE-FDC7F1AF7AD1}.Debug|Any CPU.ActiveCfg = Debug|Any CPU
		{8240BC45-FA33-4F72-B1FE-FDC7F1AF7AD1}.Debug|Any CPU.Build.0 = Debug|Any CPU
		{8240BC45-FA33-4F72-B1FE-FDC7F1AF7AD1}.Debug|x86.ActiveCfg = Debug|Any CPU
		{8240BC45-FA33-4F72-B1FE-FDC7F1AF7AD1}.Release|Any CPU.ActiveCfg = Release|Any CPU
		{8240BC45-FA33-4F72-B1FE-FDC7F1AF7AD1}.Release|Any CPU.Build.0 = Release|Any CPU
		{8240BC45-FA33-4F72-B1FE-FDC7F1AF7AD1}.Release|x86.ActiveCfg = Release|Any CPU
	EndGlobalSection
	GlobalSection(SolutionProperties) = preSolution
		HideSolutionNode = FALSE
	EndGlobalSection
EndGlobal
